
Microsoft Visual Studio Solution File, Format Version 12.00
# Visual Studio Version 16
VisualStudioVersion = 16.0.30523.141
MinimumVisualStudioVersion = 10.0.40219.1
Project("{FAE04EC0-301F-11D3-BF4B-00C04F79EFBC}") = "Mini_ORM.Console", "Mini_ORM.Console\Mini_ORM.Console.csproj", "{C0478D9D-A909-4048-8A7D-27AFFEE15EF9}"
EndProject
Project("{FAE04EC0-301F-11D3-BF4B-00C04F79EFBC}") = "Mini_ORM.Library", "Mini_ORM.Library\Mini_ORM.Library.csproj", "{8695B19D-852B-43E9-84E7-1FDBAFACB5C6}"
EndProject
Global
	GlobalSection(SolutionConfigurationPlatforms) = preSolution
		Debug|Any CPU = Debug|Any CPU
		Release|Any CPU = Release|Any CPU
	EndGlobalSection
	GlobalSection(ProjectConfigurationPlatforms) = postSolution
		{C0478D9D-A909-4048-8A7D-27AFFEE15EF9}.Debug|Any CPU.ActiveCfg = Debug|Any CPU
		{C0478D9D-A909-4048-8A7D-27AFFEE15EF9}.Debug|Any CPU.Build.0 = Debug|Any CPU
		{C0478D9D-A909-4048-8A7D-27AFFEE15EF9}.Release|Any CPU.ActiveCfg = Release|Any CPU
		{C0478D9D-A909-4048-8A7D-27AFFEE15EF9}.Release|Any CPU.Build.0 = Release|Any CPU
		{8695B19D-852B-43E9-84E7-1FDBAFACB5C6}.Debug|Any CPU.ActiveCfg = Debug|Any CPU
		{8695B19D-852B-43E9-84E7-1FDBAFACB5C6}.Debug|Any CPU.Build.0 = Debug|Any CPU
		{8695B19D-852B-43E9-84E7-1FDBAFACB5C6}.Release|Any CPU.ActiveCfg = Release|Any CPU
		{8695B19D-852B-43E9-84E7-1FDBAFACB5C6}.Release|Any CPU.Build.0 = Release|Any CPU
	EndGlobalSection
	GlobalSection(SolutionProperties) = preSolution
		HideSolutionNode = FALSE
	EndGlobalSection
	GlobalSection(ExtensibilityGlobals) = postSolution
		SolutionGuid = {E5C6CDA4-CE5A-4749-8641-63145624ADDA}
	EndGlobalSection
EndGlobal
